
Microsoft Visual Studio Solution File, Format Version 12.00
# Visual Studio Version 16
VisualStudioVersion = 16.0.31911.196
MinimumVisualStudioVersion = 10.0.40219.1
Project("{8BC9CEB8-8B4A-11D0-8D11-00A0C91BC942}") = "AlgorithmsClasses", "AlgorithmsClasses\AlgorithmsClasses.vcxproj", "{906D2F62-1AB1-4E0B-9FE7-45BB314DF661}"
EndProject
Global
	GlobalSection(SolutionConfigurationPlatforms) = preSolution
		Debug|x64 = Debug|x64
		Debug|x86 = Debug|x86
		Release|x64 = Release|x64
		Release|x86 = Release|x86
	EndGlobalSection
	GlobalSection(ProjectConfigurationPlatforms) = postSolution
		{906D2F62-1AB1-4E0B-9FE7-45BB314DF661}.Debug|x64.ActiveCfg = Debug|x64
		{906D2F62-1AB1-4E0B-9FE7-45BB314DF661}.Debug|x64.Build.0 = Debug|x64
		{906D2F62-1AB1-4E0B-9FE7-45BB314DF661}.Debug|x86.ActiveCfg = Debug|Win32
		{906D2F62-1AB1-4E0B-9FE7-45BB314DF661}.Debug|x86.Build.0 = Debug|Win32
		{906D2F62-1AB1-4E0B-9FE7-45BB314DF661}.Release|x64.ActiveCfg = Release|x64
		{906D2F62-1AB1-4E0B-9FE7-45BB314DF661}.Release|x64.Build.0 = Release|x64
		{906D2F62-1AB1-4E0B-9FE7-45BB314DF661}.Release|x86.ActiveCfg = Release|Win32
		{906D2F62-1AB1-4E0B-9FE7-45BB314DF661}.Release|x86.Build.0 = Release|Win32
	EndGlobalSection
	GlobalSection(SolutionProperties) = preSolution
		HideSolutionNode = FALSE
	EndGlobalSection
	GlobalSection(ExtensibilityGlobals) = postSolution
		SolutionGuid = {365DB29C-4363-4F44-AFFF-B921A4FDD6BF}
	EndGlobalSection
EndGlobal
